
Microsoft Visual Studio Solution File, Format Version 12.00
# Visual Studio Version 17
VisualStudioVersion = 17.11.35327.3
MinimumVisualStudioVersion = 10.0.40219.1
Project("{8BC9CEB8-8B4A-11D0-8D11-00A0C91BC942}") = "NumberToWordV2", "NumberToWordV2.vcxproj", "{99B4392D-6811-4D3F-B906-17CBE7D74349}"
EndProject
Global
	GlobalSection(SolutionConfigurationPlatforms) = preSolution
		Debug|x64 = Debug|x64
		Debug|x86 = Debug|x86
		Release|x64 = Release|x64
		Release|x86 = Release|x86
	EndGlobalSection
	GlobalSection(ProjectConfigurationPlatforms) = postSolution
		{99B4392D-6811-4D3F-B906-17CBE7D74349}.Debug|x64.ActiveCfg = Debug|x64
		{99B4392D-6811-4D3F-B906-17CBE7D74349}.Debug|x64.Build.0 = Debug|x64
		{99B4392D-6811-4D3F-B906-17CBE7D74349}.Debug|x86.ActiveCfg = Debug|Win32
		{99B4392D-6811-4D3F-B906-17CBE7D74349}.Debug|x86.Build.0 = Debug|Win32
		{99B4392D-6811-4D3F-B906-17CBE7D74349}.Release|x64.ActiveCfg = Release|x64
		{99B4392D-6811-4D3F-B906-17CBE7D74349}.Release|x64.Build.0 = Release|x64
		{99B4392D-6811-4D3F-B906-17CBE7D74349}.Release|x86.ActiveCfg = Release|Win32
		{99B4392D-6811-4D3F-B906-17CBE7D74349}.Release|x86.Build.0 = Release|Win32
	EndGlobalSection
	GlobalSection(SolutionProperties) = preSolution
		HideSolutionNode = FALSE
	EndGlobalSection
	GlobalSection(ExtensibilityGlobals) = postSolution
		SolutionGuid = {D15A1D5F-0255-4E37-9BCC-DAA87CA8F798}
	EndGlobalSection
EndGlobal
